
Microsoft Visual Studio Solution File, Format Version 12.00
# Visual Studio Version 17
VisualStudioVersion = 17.7.34009.444
MinimumVisualStudioVersion = 10.0.40219.1
Project("{FAE04EC0-301F-11D3-BF4B-00C04F79EFBC}") = "ConsoleApp2", "ConsoleApp2.csproj", "{AA5834CD-5953-4CD1-B974-508DA6DEF94C}"
EndProject
Global
	GlobalSection(SolutionConfigurationPlatforms) = preSolution
		Debug|Any CPU = Debug|Any CPU
		Release|Any CPU = Release|Any CPU
	EndGlobalSection
	GlobalSection(ProjectConfigurationPlatforms) = postSolution
		{AA5834CD-5953-4CD1-B974-508DA6DEF94C}.Debug|Any CPU.ActiveCfg = Debug|Any CPU
		{AA5834CD-5953-4CD1-B974-508DA6DEF94C}.Debug|Any CPU.Build.0 = Debug|Any CPU
		{AA5834CD-5953-4CD1-B974-508DA6DEF94C}.Release|Any CPU.ActiveCfg = Release|Any CPU
		{AA5834CD-5953-4CD1-B974-508DA6DEF94C}.Release|Any CPU.Build.0 = Release|Any CPU
	EndGlobalSection
	GlobalSection(SolutionProperties) = preSolution
		HideSolutionNode = FALSE
	EndGlobalSection
	GlobalSection(ExtensibilityGlobals) = postSolution
		SolutionGuid = {910ADBF8-53B7-43B3-9588-6BB1C084CF67}
	EndGlobalSection
EndGlobal
