
Microsoft Visual Studio Solution File, Format Version 12.00
# Visual Studio Version 17
VisualStudioVersion = 17.7.34009.444
MinimumVisualStudioVersion = 10.0.40219.1
Project("{FAE04EC0-301F-11D3-BF4B-00C04F79EFBC}") = "StaticClass", "StaticClass.csproj", "{CB0A4DCE-AE90-445A-A528-66B1410CBA13}"
EndProject
Global
	GlobalSection(SolutionConfigurationPlatforms) = preSolution
		Debug|Any CPU = Debug|Any CPU
		Release|Any CPU = Release|Any CPU
	EndGlobalSection
	GlobalSection(ProjectConfigurationPlatforms) = postSolution
		{CB0A4DCE-AE90-445A-A528-66B1410CBA13}.Debug|Any CPU.ActiveCfg = Debug|Any CPU
		{CB0A4DCE-AE90-445A-A528-66B1410CBA13}.Debug|Any CPU.Build.0 = Debug|Any CPU
		{CB0A4DCE-AE90-445A-A528-66B1410CBA13}.Release|Any CPU.ActiveCfg = Release|Any CPU
		{CB0A4DCE-AE90-445A-A528-66B1410CBA13}.Release|Any CPU.Build.0 = Release|Any CPU
	EndGlobalSection
	GlobalSection(SolutionProperties) = preSolution
		HideSolutionNode = FALSE
	EndGlobalSection
	GlobalSection(ExtensibilityGlobals) = postSolution
		SolutionGuid = {E44D9871-5D9A-4513-A099-9336030762DD}
	EndGlobalSection
EndGlobal
