
Microsoft Visual Studio Solution File, Format Version 12.00
# Visual Studio Version 17
VisualStudioVersion = 17.7.34009.444
MinimumVisualStudioVersion = 10.0.40219.1
Project("{FAE04EC0-301F-11D3-BF4B-00C04F79EFBC}") = "complexLinq", "complexLinq.csproj", "{FCBDB6F2-C723-4F41-A0B9-00AEC1B657FB}"
EndProject
Global
	GlobalSection(SolutionConfigurationPlatforms) = preSolution
		Debug|Any CPU = Debug|Any CPU
		Release|Any CPU = Release|Any CPU
	EndGlobalSection
	GlobalSection(ProjectConfigurationPlatforms) = postSolution
		{FCBDB6F2-C723-4F41-A0B9-00AEC1B657FB}.Debug|Any CPU.ActiveCfg = Debug|Any CPU
		{FCBDB6F2-C723-4F41-A0B9-00AEC1B657FB}.Debug|Any CPU.Build.0 = Debug|Any CPU
		{FCBDB6F2-C723-4F41-A0B9-00AEC1B657FB}.Release|Any CPU.ActiveCfg = Release|Any CPU
		{FCBDB6F2-C723-4F41-A0B9-00AEC1B657FB}.Release|Any CPU.Build.0 = Release|Any CPU
	EndGlobalSection
	GlobalSection(SolutionProperties) = preSolution
		HideSolutionNode = FALSE
	EndGlobalSection
	GlobalSection(ExtensibilityGlobals) = postSolution
		SolutionGuid = {3C3270C0-616F-4F8A-9A7C-6B960559131B}
	EndGlobalSection
EndGlobal
