
Microsoft Visual Studio Solution File, Format Version 12.00
# Visual Studio Version 17
VisualStudioVersion = 17.7.34009.444
MinimumVisualStudioVersion = 10.0.40219.1
Project("{FAE04EC0-301F-11D3-BF4B-00C04F79EFBC}") = "lambda", "lambda.csproj", "{C1A3F2CD-AD20-4820-A75A-8C63A9545E69}"
EndProject
Global
	GlobalSection(SolutionConfigurationPlatforms) = preSolution
		Debug|Any CPU = Debug|Any CPU
		Release|Any CPU = Release|Any CPU
	EndGlobalSection
	GlobalSection(ProjectConfigurationPlatforms) = postSolution
		{C1A3F2CD-AD20-4820-A75A-8C63A9545E69}.Debug|Any CPU.ActiveCfg = Debug|Any CPU
		{C1A3F2CD-AD20-4820-A75A-8C63A9545E69}.Debug|Any CPU.Build.0 = Debug|Any CPU
		{C1A3F2CD-AD20-4820-A75A-8C63A9545E69}.Release|Any CPU.ActiveCfg = Release|Any CPU
		{C1A3F2CD-AD20-4820-A75A-8C63A9545E69}.Release|Any CPU.Build.0 = Release|Any CPU
	EndGlobalSection
	GlobalSection(SolutionProperties) = preSolution
		HideSolutionNode = FALSE
	EndGlobalSection
	GlobalSection(ExtensibilityGlobals) = postSolution
		SolutionGuid = {2A6A15D8-20C8-46BC-A581-DEA21ACB1CCB}
	EndGlobalSection
EndGlobal
