
Microsoft Visual Studio Solution File, Format Version 12.00
# Visual Studio Version 17
VisualStudioVersion = 17.7.34009.444
MinimumVisualStudioVersion = 10.0.40219.1
Project("{FAE04EC0-301F-11D3-BF4B-00C04F79EFBC}") = "ConsoleApp5", "ConsoleApp5.csproj", "{395F1E72-95EE-4B92-AD6B-083778E14747}"
EndProject
Global
	GlobalSection(SolutionConfigurationPlatforms) = preSolution
		Debug|Any CPU = Debug|Any CPU
		Release|Any CPU = Release|Any CPU
	EndGlobalSection
	GlobalSection(ProjectConfigurationPlatforms) = postSolution
		{395F1E72-95EE-4B92-AD6B-083778E14747}.Debug|Any CPU.ActiveCfg = Debug|Any CPU
		{395F1E72-95EE-4B92-AD6B-083778E14747}.Debug|Any CPU.Build.0 = Debug|Any CPU
		{395F1E72-95EE-4B92-AD6B-083778E14747}.Release|Any CPU.ActiveCfg = Release|Any CPU
		{395F1E72-95EE-4B92-AD6B-083778E14747}.Release|Any CPU.Build.0 = Release|Any CPU
	EndGlobalSection
	GlobalSection(SolutionProperties) = preSolution
		HideSolutionNode = FALSE
	EndGlobalSection
	GlobalSection(ExtensibilityGlobals) = postSolution
		SolutionGuid = {861B3269-A8F2-4E69-A5FA-E8548D5D934D}
	EndGlobalSection
EndGlobal
