
Microsoft Visual Studio Solution File, Format Version 12.00
# Visual Studio Version 17
VisualStudioVersion = 17.7.34009.444
MinimumVisualStudioVersion = 10.0.40219.1
Project("{FAE04EC0-301F-11D3-BF4B-00C04F79EFBC}") = "ConsoleApp4", "ConsoleApp4.csproj", "{95AD958E-BD70-481A-BC80-43378B70F983}"
EndProject
Global
	GlobalSection(SolutionConfigurationPlatforms) = preSolution
		Debug|Any CPU = Debug|Any CPU
		Release|Any CPU = Release|Any CPU
	EndGlobalSection
	GlobalSection(ProjectConfigurationPlatforms) = postSolution
		{95AD958E-BD70-481A-BC80-43378B70F983}.Debug|Any CPU.ActiveCfg = Debug|Any CPU
		{95AD958E-BD70-481A-BC80-43378B70F983}.Debug|Any CPU.Build.0 = Debug|Any CPU
		{95AD958E-BD70-481A-BC80-43378B70F983}.Release|Any CPU.ActiveCfg = Release|Any CPU
		{95AD958E-BD70-481A-BC80-43378B70F983}.Release|Any CPU.Build.0 = Release|Any CPU
	EndGlobalSection
	GlobalSection(SolutionProperties) = preSolution
		HideSolutionNode = FALSE
	EndGlobalSection
	GlobalSection(ExtensibilityGlobals) = postSolution
		SolutionGuid = {2F9717CA-AF08-4FC6-96F4-853810D76A6C}
	EndGlobalSection
EndGlobal
